
Microsoft Visual Studio Solution File, Format Version 12.00
# Visual Studio Version 16
VisualStudioVersion = 16.0.31729.503
MinimumVisualStudioVersion = 10.0.40219.1
Project("{FAE04EC0-301F-11D3-BF4B-00C04F79EFBC}") = "BlazorWebAssembly.Server", "BlazorWebAssembly\Server\BlazorWebAssembly.Server.csproj", "{690BE4DC-2395-4C61-B4CD-C8C55A77CA3C}"
EndProject
Project("{FAE04EC0-301F-11D3-BF4B-00C04F79EFBC}") = "BlazorWebAssembly.Client", "BlazorWebAssembly\Client\BlazorWebAssembly.Client.csproj", "{9E9A5381-C1F7-4018-944E-E6A3BA5C2FF8}"
EndProject
Project("{FAE04EC0-301F-11D3-BF4B-00C04F79EFBC}") = "BlazorWebAssembly.Shared", "BlazorWebAssembly\Shared\BlazorWebAssembly.Shared.csproj", "{193F1018-D8B0-47FE-80D8-272BE4568ACB}"
EndProject
Global
	GlobalSection(SolutionConfigurationPlatforms) = preSolution
		Debug|Any CPU = Debug|Any CPU
		Release|Any CPU = Release|Any CPU
	EndGlobalSection
	GlobalSection(ProjectConfigurationPlatforms) = postSolution
		{690BE4DC-2395-4C61-B4CD-C8C55A77CA3C}.Debug|Any CPU.ActiveCfg = Debug|Any CPU
		{690BE4DC-2395-4C61-B4CD-C8C55A77CA3C}.Debug|Any CPU.Build.0 = Debug|Any CPU
		{690BE4DC-2395-4C61-B4CD-C8C55A77CA3C}.Release|Any CPU.ActiveCfg = Release|Any CPU
		{690BE4DC-2395-4C61-B4CD-C8C55A77CA3C}.Release|Any CPU.Build.0 = Release|Any CPU
		{9E9A5381-C1F7-4018-944E-E6A3BA5C2FF8}.Debug|Any CPU.ActiveCfg = Debug|Any CPU
		{9E9A5381-C1F7-4018-944E-E6A3BA5C2FF8}.Debug|Any CPU.Build.0 = Debug|Any CPU
		{9E9A5381-C1F7-4018-944E-E6A3BA5C2FF8}.Release|Any CPU.ActiveCfg = Release|Any CPU
		{9E9A5381-C1F7-4018-944E-E6A3BA5C2FF8}.Release|Any CPU.Build.0 = Release|Any CPU
		{193F1018-D8B0-47FE-80D8-272BE4568ACB}.Debug|Any CPU.ActiveCfg = Debug|Any CPU
		{193F1018-D8B0-47FE-80D8-272BE4568ACB}.Debug|Any CPU.Build.0 = Debug|Any CPU
		{193F1018-D8B0-47FE-80D8-272BE4568ACB}.Release|Any CPU.ActiveCfg = Release|Any CPU
		{193F1018-D8B0-47FE-80D8-272BE4568ACB}.Release|Any CPU.Build.0 = Release|Any CPU
	EndGlobalSection
	GlobalSection(SolutionProperties) = preSolution
		HideSolutionNode = FALSE
	EndGlobalSection
	GlobalSection(ExtensibilityGlobals) = postSolution
		SolutionGuid = {7C25F403-CA54-401C-B82B-6CB350D367FC}
	EndGlobalSection
EndGlobal
